
Microsoft Visual Studio Solution File, Format Version 12.00
# Visual Studio Version 17
VisualStudioVersion = 17.5.002.0
MinimumVisualStudioVersion = 10.0.40219.1
Project("{9A19103F-16F7-4668-BE54-9A1E7A4F7556}") = "backend", "backend\backend.csproj", "{DB796140-4CFE-4802-8DD6-4CF07FBF61C8}"
EndProject
Project("{FAE04EC0-301F-11D3-BF4B-00C04F79EFBC}") = "backend.Tests", "backend.Tests\backend.Tests.csproj", "{6176D958-2532-4D0E-8431-9F7747108228}"
EndProject
Global
	GlobalSection(SolutionConfigurationPlatforms) = preSolution
		Debug|Any CPU = Debug|Any CPU
		Release|Any CPU = Release|Any CPU
	EndGlobalSection
	GlobalSection(ProjectConfigurationPlatforms) = postSolution
		{DB796140-4CFE-4802-8DD6-4CF07FBF61C8}.Debug|Any CPU.ActiveCfg = Debug|Any CPU
		{DB796140-4CFE-4802-8DD6-4CF07FBF61C8}.Debug|Any CPU.Build.0 = Debug|Any CPU
		{DB796140-4CFE-4802-8DD6-4CF07FBF61C8}.Release|Any CPU.ActiveCfg = Release|Any CPU
		{DB796140-4CFE-4802-8DD6-4CF07FBF61C8}.Release|Any CPU.Build.0 = Release|Any CPU
		{6176D958-2532-4D0E-8431-9F7747108228}.Debug|Any CPU.ActiveCfg = Debug|Any CPU
		{6176D958-2532-4D0E-8431-9F7747108228}.Debug|Any CPU.Build.0 = Debug|Any CPU
		{6176D958-2532-4D0E-8431-9F7747108228}.Release|Any CPU.ActiveCfg = Release|Any CPU
		{6176D958-2532-4D0E-8431-9F7747108228}.Release|Any CPU.Build.0 = Release|Any CPU
	EndGlobalSection
	GlobalSection(SolutionProperties) = preSolution
		HideSolutionNode = FALSE
	EndGlobalSection
	GlobalSection(ExtensibilityGlobals) = postSolution
		SolutionGuid = {6822F18B-DFF6-49D3-BC95-6C94A281708C}
	EndGlobalSection
EndGlobal
